
Microsoft Visual Studio Solution File, Format Version 12.00
# Visual Studio Version 17
VisualStudioVersion = 17.1.32210.238
MinimumVisualStudioVersion = 10.0.40219.1
Project("{FAE04EC0-301F-11D3-BF4B-00C04F79EFBC}") = "HSM-PROJECT", "HSM-PROJECT\HSM-PROJECT.csproj", "{9114C4B5-D803-4100-A9D4-DFD315A35DBF}"
EndProject
Global
	GlobalSection(SolutionConfigurationPlatforms) = preSolution
		Debug|Any CPU = Debug|Any CPU
		Release|Any CPU = Release|Any CPU
	EndGlobalSection
	GlobalSection(ProjectConfigurationPlatforms) = postSolution
		{9114C4B5-D803-4100-A9D4-DFD315A35DBF}.Debug|Any CPU.ActiveCfg = Debug|Any CPU
		{9114C4B5-D803-4100-A9D4-DFD315A35DBF}.Debug|Any CPU.Build.0 = Debug|Any CPU
		{9114C4B5-D803-4100-A9D4-DFD315A35DBF}.Release|Any CPU.ActiveCfg = Release|Any CPU
		{9114C4B5-D803-4100-A9D4-DFD315A35DBF}.Release|Any CPU.Build.0 = Release|Any CPU
	EndGlobalSection
	GlobalSection(SolutionProperties) = preSolution
		HideSolutionNode = FALSE
	EndGlobalSection
	GlobalSection(ExtensibilityGlobals) = postSolution
		SolutionGuid = {78FE1E07-FA5D-4CAD-B288-9A790E5B1D41}
	EndGlobalSection
EndGlobal
